
Microsoft Visual Studio Solution File, Format Version 12.00
# Visual Studio Version 17
VisualStudioVersion = 17.2.32519.379
MinimumVisualStudioVersion = 10.0.40219.1
Project("{9A19103F-16F7-4668-BE54-9A1E7A4F7556}") = "VoyagerSQLAPI", "VoyagerSQLAPI.csproj", "{8F8CADA4-37A0-4109-B96A-725B3FCAB8B7}"
EndProject
Global
	GlobalSection(SolutionConfigurationPlatforms) = preSolution
		Debug|Any CPU = Debug|Any CPU
		Release|Any CPU = Release|Any CPU
	EndGlobalSection
	GlobalSection(ProjectConfigurationPlatforms) = postSolution
		{8F8CADA4-37A0-4109-B96A-725B3FCAB8B7}.Debug|Any CPU.ActiveCfg = Debug|Any CPU
		{8F8CADA4-37A0-4109-B96A-725B3FCAB8B7}.Debug|Any CPU.Build.0 = Debug|Any CPU
		{8F8CADA4-37A0-4109-B96A-725B3FCAB8B7}.Release|Any CPU.ActiveCfg = Release|Any CPU
		{8F8CADA4-37A0-4109-B96A-725B3FCAB8B7}.Release|Any CPU.Build.0 = Release|Any CPU
	EndGlobalSection
	GlobalSection(SolutionProperties) = preSolution
		HideSolutionNode = FALSE
	EndGlobalSection
	GlobalSection(ExtensibilityGlobals) = postSolution
		SolutionGuid = {751685CA-B5C8-4F08-AFCB-E113D4C88B45}
	EndGlobalSection
EndGlobal
